{
  "requires": true,
  "lockfileVersion": 1,
  "dependencies": {
    "calendar-graph": {
      "version": "1.0.0",
      "resolved": "https://registry.npmjs.org/calendar-graph/-/calendar-graph-1.0.0.tgz",
      "integrity": "sha512-TUKBJ8uN6Q0ZV8piQFKYNeQlNbUpf4Lie4LhmExav4Jj20vma4NXOrb9QDE6tCOH1+ohyr7RQHDwHqsJmcPdwA=="
    }
  }
}
